
Microsoft Visual Studio Solution File, Format Version 12.00
# Visual Studio Version 17
VisualStudioVersion = 17.14.36408.4 d17.14
MinimumVisualStudioVersion = 10.0.40219.1
Project("{FAE04EC0-301F-11D3-BF4B-00C04F79EFBC}") = "ElevatorChallenge", "ElevatorChallenge.csproj", "{B8532D7C-3731-4B97-89BC-3403E943A060}"
EndProject
Global
	GlobalSection(SolutionConfigurationPlatforms) = preSolution
		Debug|Any CPU = Debug|Any CPU
		Release|Any CPU = Release|Any CPU
	EndGlobalSection
	GlobalSection(ProjectConfigurationPlatforms) = postSolution
		{B8532D7C-3731-4B97-89BC-3403E943A060}.Debug|Any CPU.ActiveCfg = Debug|Any CPU
		{B8532D7C-3731-4B97-89BC-3403E943A060}.Debug|Any CPU.Build.0 = Debug|Any CPU
		{B8532D7C-3731-4B97-89BC-3403E943A060}.Release|Any CPU.ActiveCfg = Release|Any CPU
		{B8532D7C-3731-4B97-89BC-3403E943A060}.Release|Any CPU.Build.0 = Release|Any CPU
	EndGlobalSection
	GlobalSection(SolutionProperties) = preSolution
		HideSolutionNode = FALSE
	EndGlobalSection
	GlobalSection(ExtensibilityGlobals) = postSolution
		SolutionGuid = {373DA4BD-6430-45A3-AC53-EDAFD134193D}
	EndGlobalSection
EndGlobal
